// !$*UTF8*$!
{
	archiveVersion = 1;
	classes = {
	};
	objectVersion = 46;
	objects = {

/* Begin PBXBuildFile section */
		FE84D30019C33A5A00AF2CEE /* main.m in Sources */ = {isa = PBXBuildFile; fileRef = FE84D2FF19C33A5A00AF2CEE /* main.m */; };
		FE84D30319C33A5A00AF2CEE /* AppDelegate.m in Sources */ = {isa = PBXBuildFile; fileRef = FE84D30219C33A5A00AF2CEE /* AppDelegate.m */; };
		FE84D30619C33A5A00AF2CEE /* ViewController.m in Sources */ = {isa = PBXBuildFile; fileRef = FE84D30519C33A5A00AF2CEE /* ViewController.m */; };
		FE84D30919C33A5A00AF2CEE /* Main.storyboard in Resources */ = {isa = PBXBuildFile; fileRef = FE84D30719C33A5A00AF2CEE /* Main.storyboard */; };
		FE84D30B19C33A5A00AF2CEE /* Images.xcassets in Resources */ = {isa = PBXBuildFile; fileRef = FE84D30A19C33A5A00AF2CEE /* Images.xcassets */; };
		FE84D31719C33A5A00AF2CEE /* DrawingTests.m in Sources */ = {isa = PBXBuildFile; fileRef = FE84D31619C33A5A00AF2CEE /* DrawingTests.m */; };
		FE84D32519C33AC700AF2CEE /* UIView+PSRDrawHelpers.m in Sources */ = {isa = PBXBuildFile; fileRef = FE84D32419C33AC700AF2CEE /* UIView+PSRDrawHelpers.m */; };
		FEBDA46319C359AE00E34388 /* PSRRateView.m in Sources */ = {isa = PBXBuildFile; fileRef = FEBDA46219C359AE00E34388 /* PSRRateView.m */; };
/* End PBXBuildFile section */

/* Begin PBXContainerItemProxy section */
		FE84D31119C33A5A00AF2CEE /* PBXContainerItemProxy */ = {
			isa = PBXContainerItemProxy;
			containerPortal = FE84D2F219C33A5A00AF2CEE /* Project object */;
			proxyType = 1;
			remoteGlobalIDString = FE84D2F919C33A5A00AF2CEE;
			remoteInfo = Drawing;
		};
/* End PBXContainerItemProxy section */

/* Begin PBXFileReference section */
		FE84D2FA19C33A5A00AF2CEE /* Drawing.app */ = {isa = PBXFileReference; explicitFileType = wrapper.application; includeInIndex = 0; path = Drawing.app; sourceTree = BUILT_PRODUCTS_DIR; };
		FE84D2FE19C33A5A00AF2CEE /* Info.plist */ = {isa = PBXFileReference; lastKnownFileType = text.plist.xml; path = Info.plist; sourceTree = "<group>"; };
		FE84D2FF19C33A5A00AF2CEE /* main.m */ = {isa = PBXFileReference; lastKnownFileType = sourcecode.c.objc; path = main.m; sourceTree = "<group>"; };
		FE84D30119C33A5A00AF2CEE /* AppDelegate.h */ = {isa = PBXFileReference; lastKnownFileType = sourcecode.c.h; path = AppDelegate.h; sourceTree = "<group>"; };
		FE84D30219C33A5A00AF2CEE /* AppDelegate.m */ = {isa = PBXFileReference; lastKnownFileType = sourcecode.c.objc; path = AppDelegate.m; sourceTree = "<group>"; };
		FE84D30419C33A5A00AF2CEE /* ViewController.h */ = {isa = PBXFileReference; lastKnownFileType = sourcecode.c.h; path = ViewController.h; sourceTree = "<group>"; };
		FE84D30519C33A5A00AF2CEE /* ViewController.m */ = {isa = PBXFileReference; lastKnownFileType = sourcecode.c.objc; path = ViewController.m; sourceTree = "<group>"; };
		FE84D30819C33A5A00AF2CEE /* Base */ = {isa = PBXFileReference; lastKnownFileType = file.storyboard; name = Base; path = Base.lproj/Main.storyboard; sourceTree = "<group>"; };
		FE84D30A19C33A5A00AF2CEE /* Images.xcassets */ = {isa = PBXFileReference; lastKnownFileType = folder.assetcatalog; path = Images.xcassets; sourceTree = "<group>"; };
		FE84D31019C33A5A00AF2CEE /* DrawingTests.xctest */ = {isa = PBXFileReference; explicitFileType = wrapper.cfbundle; includeInIndex = 0; path = DrawingTests.xctest; sourceTree = BUILT_PRODUCTS_DIR; };
		FE84D31519C33A5A00AF2CEE /* Info.plist */ = {isa = PBXFileReference; lastKnownFileType = text.plist.xml; path = Info.plist; sourceTree = "<group>"; };
		FE84D31619C33A5A00AF2CEE /* DrawingTests.m */ = {isa = PBXFileReference; lastKnownFileType = sourcecode.c.objc; path = DrawingTests.m; sourceTree = "<group>"; };
		FE84D32319C33AC700AF2CEE /* UIView+PSRDrawHelpers.h */ = {isa = PBXFileReference; fileEncoding = 4; lastKnownFileType = sourcecode.c.h; path = "UIView+PSRDrawHelpers.h"; sourceTree = "<group>"; };
		FE84D32419C33AC700AF2CEE /* UIView+PSRDrawHelpers.m */ = {isa = PBXFileReference; fileEncoding = 4; lastKnownFileType = sourcecode.c.objc; path = "UIView+PSRDrawHelpers.m"; sourceTree = "<group>"; };
		FEBDA46119C359AE00E34388 /* PSRRateView.h */ = {isa = PBXFileReference; fileEncoding = 4; lastKnownFileType = sourcecode.c.h; name = PSRRateView.h; path = ../PSRRateView.h; sourceTree = "<group>"; };
		FEBDA46219C359AE00E34388 /* PSRRateView.m */ = {isa = PBXFileReference; fileEncoding = 4; lastKnownFileType = sourcecode.c.objc; name = PSRRateView.m; path = ../PSRRateView.m; sourceTree = "<group>"; };
/* End PBXFileReference section */

/* Begin PBXFrameworksBuildPhase section */
		FE84D2F719C33A5A00AF2CEE /* Frameworks */ = {
			isa = PBXFrameworksBuildPhase;
			buildActionMask = 2147483647;
			files = (
			);
			runOnlyForDeploymentPostprocessing = 0;
		};
		FE84D30D19C33A5A00AF2CEE /* Frameworks */ = {
			isa = PBXFrameworksBuildPhase;
			buildActionMask = 2147483647;
			files = (
			);
			runOnlyForDeploymentPostprocessing = 0;
		};
/* End PBXFrameworksBuildPhase section */

/* Begin PBXGroup section */
		FE84D2F119C33A5A00AF2CEE = {
			isa = PBXGroup;
			children = (
				FE84D2FC19C33A5A00AF2CEE /* Drawing */,
				FE84D31319C33A5A00AF2CEE /* DrawingTests */,
				FE84D2FB19C33A5A00AF2CEE /* Products */,
			);
			sourceTree = "<group>";
		};
		FE84D2FB19C33A5A00AF2CEE /* Products */ = {
			isa = PBXGroup;
			children = (
				FE84D2FA19C33A5A00AF2CEE /* Drawing.app */,
				FE84D31019C33A5A00AF2CEE /* DrawingTests.xctest */,
			);
			name = Products;
			sourceTree = "<group>";
		};
		FE84D2FC19C33A5A00AF2CEE /* Drawing */ = {
			isa = PBXGroup;
			children = (
				FEBDA46119C359AE00E34388 /* PSRRateView.h */,
				FEBDA46219C359AE00E34388 /* PSRRateView.m */,
				FE84D30119C33A5A00AF2CEE /* AppDelegate.h */,
				FE84D30219C33A5A00AF2CEE /* AppDelegate.m */,
				FE84D30419C33A5A00AF2CEE /* ViewController.h */,
				FE84D30519C33A5A00AF2CEE /* ViewController.m */,
				FE84D32319C33AC700AF2CEE /* UIView+PSRDrawHelpers.h */,
				FE84D32419C33AC700AF2CEE /* UIView+PSRDrawHelpers.m */,
				FE84D30719C33A5A00AF2CEE /* Main.storyboard */,
				FE84D30A19C33A5A00AF2CEE /* Images.xcassets */,
				FE84D2FD19C33A5A00AF2CEE /* Supporting Files */,
			);
			path = Drawing;
			sourceTree = "<group>";
		};
		FE84D2FD19C33A5A00AF2CEE /* Supporting Files */ = {
			isa = PBXGroup;
			children = (
				FE84D2FE19C33A5A00AF2CEE /* Info.plist */,
				FE84D2FF19C33A5A00AF2CEE /* main.m */,
			);
			name = "Supporting Files";
			sourceTree = "<group>";
		};
		FE84D31319C33A5A00AF2CEE /* DrawingTests */ = {
			isa = PBXGroup;
			children = (
				FE84D31619C33A5A00AF2CEE /* DrawingTests.m */,
				FE84D31419C33A5A00AF2CEE /* Supporting Files */,
			);
			path = DrawingTests;
			sourceTree = "<group>";
		};
		FE84D31419C33A5A00AF2CEE /* Supporting Files */ = {
			isa = PBXGroup;
			children = (
				FE84D31519C33A5A00AF2CEE /* Info.plist */,
			);
			name = "Supporting Files";
			sourceTree = "<group>";
		};
/* End PBXGroup section */

/* Begin PBXNativeTarget section */
		FE84D2F919C33A5A00AF2CEE /* Drawing */ = {
			isa = PBXNativeTarget;
			buildConfigurationList = FE84D31A19C33A5A00AF2CEE /* Build configuration list for PBXNativeTarget "Drawing" */;
			buildPhases = (
				FE84D2F619C33A5A00AF2CEE /* Sources */,
				FE84D2F719C33A5A00AF2CEE /* Frameworks */,
				FE84D2F819C33A5A00AF2CEE /* Resources */,
			);
			buildRules = (
			);
			dependencies = (
			);
			name = Drawing;
			productName = Drawing;
			productReference = FE84D2FA19C33A5A00AF2CEE /* Drawing.app */;
			productType = "com.apple.product-type.application";
		};
		FE84D30F19C33A5A00AF2CEE /* DrawingTests */ = {
			isa = PBXNativeTarget;
			buildConfigurationList = FE84D31D19C33A5A00AF2CEE /* Build configuration list for PBXNativeTarget "DrawingTests" */;
			buildPhases = (
				FE84D30C19C33A5A00AF2CEE /* Sources */,
				FE84D30D19C33A5A00AF2CEE /* Frameworks */,
				FE84D30E19C33A5A00AF2CEE /* Resources */,
			);
			buildRules = (
			);
			dependencies = (
				FE84D31219C33A5A00AF2CEE /* PBXTargetDependency */,
			);
			name = DrawingTests;
			productName = DrawingTests;
			productReference = FE84D31019C33A5A00AF2CEE /* DrawingTests.xctest */;
			productType = "com.apple.product-type.bundle.unit-test";
		};
/* End PBXNativeTarget section */

/* Begin PBXProject section */
		FE84D2F219C33A5A00AF2CEE /* Project object */ = {
			isa = PBXProject;
			attributes = {
				LastUpgradeCheck = 0600;
				ORGANIZATIONNAME = n.shubenkov;
				TargetAttributes = {
					FE84D2F919C33A5A00AF2CEE = {
						CreatedOnToolsVersion = 6.0;
					};
					FE84D30F19C33A5A00AF2CEE = {
						CreatedOnToolsVersion = 6.0;
						TestTargetID = FE84D2F919C33A5A00AF2CEE;
					};
				};
			};
			buildConfigurationList = FE84D2F519C33A5A00AF2CEE /* Build configuration list for PBXProject "Drawing" */;
			compatibilityVersion = "Xcode 3.2";
			developmentRegion = English;
			hasScannedForEncodings = 0;
			knownRegions = (
				en,
				Base,
			);
			mainGroup = FE84D2F119C33A5A00AF2CEE;
			productRefGroup = FE84D2FB19C33A5A00AF2CEE /* Products */;
			projectDirPath = "";
			projectRoot = "";
			targets = (
				FE84D2F919C33A5A00AF2CEE /* Drawing */,
				FE84D30F19C33A5A00AF2CEE /* DrawingTests */,
			);
		};
/* End PBXProject section */

/* Begin PBXResourcesBuildPhase section */
		FE84D2F819C33A5A00AF2CEE /* Resources */ = {
			isa = PBXResourcesBuildPhase;
			buildActionMask = 2147483647;
			files = (
				FE84D30919C33A5A00AF2CEE /* Main.storyboard in Resources */,
				FE84D30B19C33A5A00AF2CEE /* Images.xcassets in Resources */,
			);
			runOnlyForDeploymentPostprocessing = 0;
		};
		FE84D30E19C33A5A00AF2CEE /* Resources */ = {
			isa = PBXResourcesBuildPhase;
			buildActionMask = 2147483647;
			files = (
			);
			runOnlyForDeploymentPostprocessing = 0;
		};
/* End PBXResourcesBuildPhase section */

/* Begin PBXSourcesBuildPhase section */
		FE84D2F619C33A5A00AF2CEE /* Sources */ = {
			isa = PBXSourcesBuildPhase;
			buildActionMask = 2147483647;
			files = (
				FE84D32519C33AC700AF2CEE /* UIView+PSRDrawHelpers.m in Sources */,
				FE84D30619C33A5A00AF2CEE /* ViewController.m in Sources */,
				FE84D30319C33A5A00AF2CEE /* AppDelegate.m in Sources */,
				FE84D30019C33A5A00AF2CEE /* main.m in Sources */,
				FEBDA46319C359AE00E34388 /* PSRRateView.m in Sources */,
			);
			runOnlyForDeploymentPostprocessing = 0;
		};
		FE84D30C19C33A5A00AF2CEE /* Sources */ = {
			isa = PBXSourcesBuildPhase;
			buildActionMask = 2147483647;
			files = (
				FE84D31719C33A5A00AF2CEE /* DrawingTests.m in Sources */,
			);
			runOnlyForDeploymentPostprocessing = 0;
		};
/* End PBXSourcesBuildPhase section */

/* Begin PBXTargetDependency section */
		FE84D31219C33A5A00AF2CEE /* PBXTargetDependency */ = {
			isa = PBXTargetDependency;
			target = FE84D2F919C33A5A00AF2CEE /* Drawing */;
			targetProxy = FE84D31119C33A5A00AF2CEE /* PBXContainerItemProxy */;
		};
/* End PBXTargetDependency section */

/* Begin PBXVariantGroup section */
		FE84D30719C33A5A00AF2CEE /* Main.storyboard */ = {
			isa = PBXVariantGroup;
			children = (
				FE84D30819C33A5A00AF2CEE /* Base */,
			);
			name = Main.storyboard;
			sourceTree = "<group>";
		};
/* End PBXVariantGroup section */

/* Begin XCBuildConfiguration section */
		FE84D31819C33A5A00AF2CEE /* Debug */ = {
			isa = XCBuildConfiguration;
			buildSettings = {
				ALWAYS_SEARCH_USER_PATHS = NO;
				CLANG_CXX_LANGUAGE_STANDARD = "gnu++0x";
				CLANG_CXX_LIBRARY = "libc++";
				CLANG_ENABLE_MODULES = YES;
				CLANG_ENABLE_OBJC_ARC = YES;
				CLANG_WARN_BOOL_CONVERSION = YES;
				CLANG_WARN_CONSTANT_CONVERSION = YES;
				CLANG_WARN_DIRECT_OBJC_ISA_USAGE = YES_ERROR;
				CLANG_WARN_EMPTY_BODY = YES;
				CLANG_WARN_ENUM_CONVERSION = YES;
				CLANG_WARN_INT_CONVERSION = YES;
				CLANG_WARN_OBJC_ROOT_CLASS = YES_ERROR;
				CLANG_WARN_UNREACHABLE_CODE = YES;
				CLANG_WARN__DUPLICATE_METHOD_MATCH = YES;
				"CODE_SIGN_IDENTITY[sdk=iphoneos*]" = "iPhone Developer";
				COPY_PHASE_STRIP = NO;
				ENABLE_STRICT_OBJC_MSGSEND = YES;
				GCC_C_LANGUAGE_STANDARD = gnu99;
				GCC_DYNAMIC_NO_PIC = NO;
				GCC_OPTIMIZATION_LEVEL = 0;
				GCC_PREPROCESSOR_DEFINITIONS = (
					"DEBUG=1",
					"$(inherited)",
				);
				GCC_SYMBOLS_PRIVATE_EXTERN = NO;
				GCC_WARN_64_TO_32_BIT_CONVERSION = YES;
				GCC_WARN_ABOUT_RETURN_TYPE = YES_ERROR;
				GCC_WARN_UNDECLARED_SELECTOR = YES;
				GCC_WARN_UNINITIALIZED_AUTOS = YES_AGGRESSIVE;
				GCC_WARN_UNUSED_FUNCTION = YES;
				GCC_WARN_UNUSED_VARIABLE = YES;
				IPHONEOS_DEPLOYMENT_TARGET = 8.0;
				MTL_ENABLE_DEBUG_INFO = YES;
				ONLY_ACTIVE_ARCH = YES;
				SDKROOT = iphoneos;
				TARGETED_DEVICE_FAMILY = "1,2";
			};
			name = Debug;
		};
		FE84D31919C33A5A00AF2CEE /* Release */ = {
			isa = XCBuildConfiguration;
			buildSettings = {
				ALWAYS_SEARCH_USER_PATHS = NO;
				CLANG_CXX_LANGUAGE_STANDARD = "gnu++0x";
				CLANG_CXX_LIBRARY = "libc++";
				CLANG_ENABLE_MODULES = YES;
				CLANG_ENABLE_OBJC_ARC = YES;
				CLANG_WARN_BOOL_CONVERSION = YES;
				CLANG_WARN_CONSTANT_CONVERSION = YES;
				CLANG_WARN_DIRECT_OBJC_ISA_USAGE = YES_ERROR;
				CLANG_WARN_EMPTY_BODY = YES;
				CLANG_WARN_ENUM_CONVERSION = YES;
				CLANG_WARN_INT_CONVERSION = YES;
				CLANG_WARN_OBJC_ROOT_CLASS = YES_ERROR;
				CLANG_WARN_UNREACHABLE_CODE = YES;
				CLANG_WARN__DUPLICATE_METHOD_MATCH = YES;
				"CODE_SIGN_IDENTITY[sdk=iphoneos*]" = "iPhone Developer";
				COPY_PHASE_STRIP = YES;
				ENABLE_NS_ASSERTIONS = NO;
				ENABLE_STRICT_OBJC_MSGSEND = YES;
				GCC_C_LANGUAGE_STANDARD = gnu99;
				GCC_WARN_64_TO_32_BIT_CONVERSION = YES;
				GCC_WARN_ABOUT_RETURN_TYPE = YES_ERROR;
				GCC_WARN_UNDECLARED_SELECTOR = YES;
				GCC_WARN_UNINITIALIZED_AUTOS = YES_AGGRESSIVE;
				GCC_WARN_UNUSED_FUNCTION = YES;
				GCC_WARN_UNUSED_VARIABLE = YES;
				IPHONEOS_DEPLOYMENT_TARGET = 8.0;
				MTL_ENABLE_DEBUG_INFO = NO;
				SDKROOT = iphoneos;
				TARGETED_DEVICE_FAMILY = "1,2";
				VALIDATE_PRODUCT = YES;
			};
			name = Release;
		};
		FE84D31B19C33A5A00AF2CEE /* Debug */ = {
			isa = XCBuildConfiguration;
			buildSettings = {
				ASSETCATALOG_COMPILER_APPICON_NAME = AppIcon;
				ASSETCATALOG_COMPILER_LAUNCHIMAGE_NAME = LaunchImage;
				INFOPLIST_FILE = Drawing/Info.plist;
				LD_RUNPATH_SEARCH_PATHS = "$(inherited) @executable_path/Frameworks";
				PRODUCT_NAME = "$(TARGET_NAME)";
			};
			name = Debug;
		};
		FE84D31C19C33A5A00AF2CEE /* Release */ = {
			isa = XCBuildConfiguration;
			buildSettings = {
				ASSETCATALOG_COMPILER_APPICON_NAME = AppIcon;
				ASSETCATALOG_COMPILER_LAUNCHIMAGE_NAME = LaunchImage;
				INFOPLIST_FILE = Drawing/Info.plist;
				LD_RUNPATH_SEARCH_PATHS = "$(inherited) @executable_path/Frameworks";
				PRODUCT_NAME = "$(TARGET_NAME)";
			};
			name = Release;
		};
		FE84D31E19C33A5A00AF2CEE /* Debug */ = {
			isa = XCBuildConfiguration;
			buildSettings = {
				BUNDLE_LOADER = "$(TEST_HOST)";
				FRAMEWORK_SEARCH_PATHS = (
					"$(SDKROOT)/Developer/Library/Frameworks",
					"$(inherited)",
				);
				GCC_PREPROCESSOR_DEFINITIONS = (
					"DEBUG=1",
					"$(inherited)",
				);
				INFOPLIST_FILE = DrawingTests/Info.plist;
				LD_RUNPATH_SEARCH_PATHS = "$(inherited) @executable_path/Frameworks @loader_path/Frameworks";
				PRODUCT_NAME = "$(TARGET_NAME)";
				TEST_HOST = "$(BUILT_PRODUCTS_DIR)/Drawing.app/Drawing";
			};
			name = Debug;
		};
		FE84D31F19C33A5A00AF2CEE /* Release */ = {
			isa = XCBuildConfiguration;
			buildSettings = {
				BUNDLE_LOADER = "$(TEST_HOST)";
				FRAMEWORK_SEARCH_PATHS = (
					"$(SDKROOT)/Developer/Library/Frameworks",
					"$(inherited)",
				);
				INFOPLIST_FILE = DrawingTests/Info.plist;
				LD_RUNPATH_SEARCH_PATHS = "$(inherited) @executable_path/Frameworks @loader_path/Frameworks";
				PRODUCT_NAME = "$(TARGET_NAME)";
				TEST_HOST = "$(BUILT_PRODUCTS_DIR)/Drawing.app/Drawing";
			};
			name = Release;
		};
/* End XCBuildConfiguration section */

/* Begin XCConfigurationList section */
		FE84D2F519C33A5A00AF2CEE /* Build configuration list for PBXProject "Drawing" */ = {
			isa = XCConfigurationList;
			buildConfigurations = (
				FE84D31819C33A5A00AF2CEE /* Debug */,
				FE84D31919C33A5A00AF2CEE /* Release */,
			);
			defaultConfigurationIsVisible = 0;
			defaultConfigurationName = Release;
		};
		FE84D31A19C33A5A00AF2CEE /* Build configuration list for PBXNativeTarget "Drawing" */ = {
			isa = XCConfigurationList;
			buildConfigurations = (
				FE84D31B19C33A5A00AF2CEE /* Debug */,
				FE84D31C19C33A5A00AF2CEE /* Release */,
			);
			defaultConfigurationIsVisible = 0;
			defaultConfigurationName = Release;
		};
		FE84D31D19C33A5A00AF2CEE /* Build configuration list for PBXNativeTarget "DrawingTests" */ = {
			isa = XCConfigurationList;
			buildConfigurations = (
				FE84D31E19C33A5A00AF2CEE /* Debug */,
				FE84D31F19C33A5A00AF2CEE /* Release */,
			);
			defaultConfigurationIsVisible = 0;
			defaultConfigurationName = Release;
		};
/* End XCConfigurationList section */
	};
	rootObject = FE84D2F219C33A5A00AF2CEE /* Project object */;
}
